// !$*UTF8*$!
{
	archiveVersion = 1;
	classes = {
	};
	objectVersion = 77;
	objects = {

/* Begin PBXBuildFile section */
		B09913FC2FD9D01500D630B1 /* BetterAuth in Frameworks */ = {isa = PBXBuildFile; productRef = B09913FB2FD9D01500D630B1 /* BetterAuth */; };
		B09913FE2FD9D01500D630B1 /* BetterAuthAnonymous in Frameworks */ = {isa = PBXBuildFile; productRef = B09913FD2FD9D01500D630B1 /* BetterAuthAnonymous */; };
		B09914002FD9D01500D630B1 /* BetterAuthEmailOTP in Frameworks */ = {isa = PBXBuildFile; productRef = B09913FF2FD9D01500D630B1 /* BetterAuthEmailOTP */; };
		B09914022FD9D01500D630B1 /* BetterAuthMagicLink in Frameworks */ = {isa = PBXBuildFile; productRef = B09914012FD9D01500D630B1 /* BetterAuthMagicLink */; };
		B09914042FD9D01500D630B1 /* BetterAuthPasskey in Frameworks */ = {isa = PBXBuildFile; productRef = B09914032FD9D01500D630B1 /* BetterAuthPasskey */; };
		B09914062FD9D01500D630B1 /* BetterAuthPhoneNumber in Frameworks */ = {isa = PBXBuildFile; productRef = B09914052FD9D01500D630B1 /* BetterAuthPhoneNumber */; };
		B09914082FD9D01500D630B1 /* BetterAuthTwoFactor in Frameworks */ = {isa = PBXBuildFile; productRef = B09914072FD9D01500D630B1 /* BetterAuthTwoFactor */; };
		B099140A2FD9D01500D630B1 /* BetterAuthUsername in Frameworks */ = {isa = PBXBuildFile; productRef = B09914092FD9D01500D630B1 /* BetterAuthUsername */; };
/* End PBXBuildFile section */

/* Begin PBXContainerItemProxy section */
		B09913D52FD9B88700D630B1 /* PBXContainerItemProxy */ = {
			isa = PBXContainerItemProxy;
			containerPortal = B09913BF2FD9B88600D630B1 /* Project object */;
			proxyType = 1;
			remoteGlobalIDString = B09913C62FD9B88600D630B1;
			remoteInfo = Erato;
		};
		B09913DF2FD9B88700D630B1 /* PBXContainerItemProxy */ = {
			isa = PBXContainerItemProxy;
			containerPortal = B09913BF2FD9B88600D630B1 /* Project object */;
			proxyType = 1;
			remoteGlobalIDString = B09913C62FD9B88600D630B1;
			remoteInfo = Erato;
		};
/* End PBXContainerItemProxy section */

/* Begin PBXFileReference section */
		B09913C72FD9B88600D630B1 /* Erato.app */ = {isa = PBXFileReference; explicitFileType = wrapper.application; includeInIndex = 0; path = Erato.app; sourceTree = BUILT_PRODUCTS_DIR; };
		B09913D42FD9B88700D630B1 /* EratoTests.xctest */ = {isa = PBXFileReference; explicitFileType = wrapper.cfbundle; includeInIndex = 0; path = EratoTests.xctest; sourceTree = BUILT_PRODUCTS_DIR; };
		B09913DE2FD9B88700D630B1 /* EratoUITests.xctest */ = {isa = PBXFileReference; explicitFileType = wrapper.cfbundle; includeInIndex = 0; path = EratoUITests.xctest; sourceTree = BUILT_PRODUCTS_DIR; };
/* End PBXFileReference section */

/* Begin PBXFileSystemSynchronizedRootGroup section */
		B09913C92FD9B88600D630B1 /* Erato */ = {
			isa = PBXFileSystemSynchronizedRootGroup;
			path = Erato;
			sourceTree = "<group>";
		};
		B09913D72FD9B88700D630B1 /* EratoTests */ = {
			isa = PBXFileSystemSynchronizedRootGroup;
			path = EratoTests;
			sourceTree = "<group>";
		};
		B09913E12FD9B88700D630B1 /* EratoUITests */ = {
			isa = PBXFileSystemSynchronizedRootGroup;
			path = EratoUITests;
			sourceTree = "<group>";
		};
/* End PBXFileSystemSynchronizedRootGroup section */

/* Begin PBXFrameworksBuildPhase section */
		B09913C42FD9B88600D630B1 /* Frameworks */ = {
			isa = PBXFrameworksBuildPhase;
			buildActionMask = 2147483647;
			files = (
				B09913FE2FD9D01500D630B1 /* BetterAuthAnonymous in Frameworks */,
				B09913FC2FD9D01500D630B1 /* BetterAuth in Frameworks */,
				B099140A2FD9D01500D630B1 /* BetterAuthUsername in Frameworks */,
				B09914082FD9D01500D630B1 /* BetterAuthTwoFactor in Frameworks */,
				B09914022FD9D01500D630B1 /* BetterAuthMagicLink in Frameworks */,
				B09914002FD9D01500D630B1 /* BetterAuthEmailOTP in Frameworks */,
				B09914062FD9D01500D630B1 /* BetterAuthPhoneNumber in Frameworks */,
				B09914042FD9D01500D630B1 /* BetterAuthPasskey in Frameworks */,
			);
			runOnlyForDeploymentPostprocessing = 0;
		};
		B09913D12FD9B88700D630B1 /* Frameworks */ = {
			isa = PBXFrameworksBuildPhase;
			buildActionMask = 2147483647;
			files = (
			);
			runOnlyForDeploymentPostprocessing = 0;
		};
		B09913DB2FD9B88700D630B1 /* Frameworks */ = {
			isa = PBXFrameworksBuildPhase;
			buildActionMask = 2147483647;
			files = (
			);
			runOnlyForDeploymentPostprocessing = 0;
		};
/* End PBXFrameworksBuildPhase section */

/* Begin PBXGroup section */
		B09913BE2FD9B88600D630B1 = {
			isa = PBXGroup;
			children = (
				B09913C92FD9B88600D630B1 /* Erato */,
				B09913D72FD9B88700D630B1 /* EratoTests */,
				B09913E12FD9B88700D630B1 /* EratoUITests */,
				B09913F22FD9B8E600D630B1 /* Frameworks */,
				B09913C82FD9B88600D630B1 /* Products */,
			);
			sourceTree = "<group>";
		};
		B09913C82FD9B88600D630B1 /* Products */ = {
			isa = PBXGroup;
			children = (
				B09913C72FD9B88600D630B1 /* Erato.app */,
				B09913D42FD9B88700D630B1 /* EratoTests.xctest */,
				B09913DE2FD9B88700D630B1 /* EratoUITests.xctest */,
			);
			name = Products;
			sourceTree = "<group>";
		};
		B09913F22FD9B8E600D630B1 /* Frameworks */ = {
			isa = PBXGroup;
			children = (
			);
			name = Frameworks;
			sourceTree = "<group>";
		};
/* End PBXGroup section */

/* Begin PBXNativeTarget section */
		B09913C62FD9B88600D630B1 /* Erato */ = {
			isa = PBXNativeTarget;
			buildConfigurationList = B09913E82FD9B88700D630B1 /* Build configuration list for PBXNativeTarget "Erato" */;
			buildPhases = (
				B09913C32FD9B88600D630B1 /* Sources */,
				B09913C42FD9B88600D630B1 /* Frameworks */,
				B09913C52FD9B88600D630B1 /* Resources */,
			);
			buildRules = (
			);
			dependencies = (
			);
			fileSystemSynchronizedGroups = (
				B09913C92FD9B88600D630B1 /* Erato */,
			);
			name = Erato;
			packageProductDependencies = (
				B09913FB2FD9D01500D630B1 /* BetterAuth */,
				B09913FD2FD9D01500D630B1 /* BetterAuthAnonymous */,
				B09913FF2FD9D01500D630B1 /* BetterAuthEmailOTP */,
				B09914012FD9D01500D630B1 /* BetterAuthMagicLink */,
				B09914032FD9D01500D630B1 /* BetterAuthPasskey */,
				B09914052FD9D01500D630B1 /* BetterAuthPhoneNumber */,
				B09914072FD9D01500D630B1 /* BetterAuthTwoFactor */,
				B09914092FD9D01500D630B1 /* BetterAuthUsername */,
			);
			productName = Erato;
			productReference = B09913C72FD9B88600D630B1 /* Erato.app */;
			productType = "com.apple.product-type.application";
		};
		B09913D32FD9B88700D630B1 /* EratoTests */ = {
			isa = PBXNativeTarget;
			buildConfigurationList = B09913EB2FD9B88700D630B1 /* Build configuration list for PBXNativeTarget "EratoTests" */;
			buildPhases = (
				B09913D02FD9B88700D630B1 /* Sources */,
				B09913D12FD9B88700D630B1 /* Frameworks */,
				B09913D22FD9B88700D630B1 /* Resources */,
			);
			buildRules = (
			);
			dependencies = (
				B09913D62FD9B88700D630B1 /* PBXTargetDependency */,
			);
			fileSystemSynchronizedGroups = (
				B09913D72FD9B88700D630B1 /* EratoTests */,
			);
			name = EratoTests;
			packageProductDependencies = (
			);
			productName = EratoTests;
			productReference = B09913D42FD9B88700D630B1 /* EratoTests.xctest */;
			productType = "com.apple.product-type.bundle.unit-test";
		};
		B09913DD2FD9B88700D630B1 /* EratoUITests */ = {
			isa = PBXNativeTarget;
			buildConfigurationList = B09913EE2FD9B88700D630B1 /* Build configuration list for PBXNativeTarget "EratoUITests" */;
			buildPhases = (
				B09913DA2FD9B88700D630B1 /* Sources */,
				B09913DB2FD9B88700D630B1 /* Frameworks */,
				B09913DC2FD9B88700D630B1 /* Resources */,
			);
			buildRules = (
			);
			dependencies = (
				B09913E02FD9B88700D630B1 /* PBXTargetDependency */,
			);
			fileSystemSynchronizedGroups = (
				B09913E12FD9B88700D630B1 /* EratoUITests */,
			);
			name = EratoUITests;
			packageProductDependencies = (
			);
			productName = EratoUITests;
			productReference = B09913DE2FD9B88700D630B1 /* EratoUITests.xctest */;
			productType = "com.apple.product-type.bundle.ui-testing";
		};
/* End PBXNativeTarget section */

/* Begin PBXProject section */
		B09913BF2FD9B88600D630B1 /* Project object */ = {
			isa = PBXProject;
			attributes = {
				BuildIndependentTargetsInParallel = 1;
				LastSwiftUpdateCheck = 2640;
				LastUpgradeCheck = 2640;
				TargetAttributes = {
					B09913C62FD9B88600D630B1 = {
						CreatedOnToolsVersion = 26.4;
					};
					B09913D32FD9B88700D630B1 = {
						CreatedOnToolsVersion = 26.4;
						TestTargetID = B09913C62FD9B88600D630B1;
					};
					B09913DD2FD9B88700D630B1 = {
						CreatedOnToolsVersion = 26.4;
						TestTargetID = B09913C62FD9B88600D630B1;
					};
				};
			};
			buildConfigurationList = B09913C22FD9B88600D630B1 /* Build configuration list for PBXProject "Erato" */;
			developmentRegion = en;
			hasScannedForEncodings = 0;
			knownRegions = (
				en,
				Base,
			);
			mainGroup = B09913BE2FD9B88600D630B1;
			minimizedProjectReferenceProxies = 1;
			packageReferences = (
				B09913FA2FD9D00B00D630B1 /* XCRemoteSwiftPackageReference "BetterAuthSwift" */,
			);
			preferredProjectObjectVersion = 77;
			productRefGroup = B09913C82FD9B88600D630B1 /* Products */;
			projectDirPath = "";
			projectRoot = "";
			targets = (
				B09913C62FD9B88600D630B1 /* Erato */,
				B09913D32FD9B88700D630B1 /* EratoTests */,
				B09913DD2FD9B88700D630B1 /* EratoUITests */,
			);
		};
/* End PBXProject section */

/* Begin PBXResourcesBuildPhase section */
		B09913C52FD9B88600D630B1 /* Resources */ = {
			isa = PBXResourcesBuildPhase;
			buildActionMask = 2147483647;
			files = (
			);
			runOnlyForDeploymentPostprocessing = 0;
		};
		B09913D22FD9B88700D630B1 /* Resources */ = {
			isa = PBXResourcesBuildPhase;
			buildActionMask = 2147483647;
			files = (
			);
			runOnlyForDeploymentPostprocessing = 0;
		};
		B09913DC2FD9B88700D630B1 /* Resources */ = {
			isa = PBXResourcesBuildPhase;
			buildActionMask = 2147483647;
			files = (
			);
			runOnlyForDeploymentPostprocessing = 0;
		};
/* End PBXResourcesBuildPhase section */

/* Begin PBXSourcesBuildPhase section */
		B09913C32FD9B88600D630B1 /* Sources */ = {
			isa = PBXSourcesBuildPhase;
			buildActionMask = 2147483647;
			files = (
			);
			runOnlyForDeploymentPostprocessing = 0;
		};
		B09913D02FD9B88700D630B1 /* Sources */ = {
			isa = PBXSourcesBuildPhase;
			buildActionMask = 2147483647;
			files = (
			);
			runOnlyForDeploymentPostprocessing = 0;
		};
		B09913DA2FD9B88700D630B1 /* Sources */ = {
			isa = PBXSourcesBuildPhase;
			buildActionMask = 2147483647;
			files = (
			);
			runOnlyForDeploymentPostprocessing = 0;
		};
/* End PBXSourcesBuildPhase section */

/* Begin PBXTargetDependency section */
		B09913D62FD9B88700D630B1 /* PBXTargetDependency */ = {
			isa = PBXTargetDependency;
			target = B09913C62FD9B88600D630B1 /* Erato */;
			targetProxy = B09913D52FD9B88700D630B1 /* PBXContainerItemProxy */;
		};
		B09913E02FD9B88700D630B1 /* PBXTargetDependency */ = {
			isa = PBXTargetDependency;
			target = B09913C62FD9B88600D630B1 /* Erato */;
			targetProxy = B09913DF2FD9B88700D630B1 /* PBXContainerItemProxy */;
		};
/* End PBXTargetDependency section */

/* Begin XCBuildConfiguration section */
		B09913E62FD9B88700D630B1 /* Debug */ = {
			isa = XCBuildConfiguration;
			buildSettings = {
				ALWAYS_SEARCH_USER_PATHS = NO;
				ASSETCATALOG_COMPILER_GENERATE_SWIFT_ASSET_SYMBOL_EXTENSIONS = YES;
				CLANG_ANALYZER_NONNULL = YES;
				CLANG_ANALYZER_NUMBER_OBJECT_CONVERSION = YES_AGGRESSIVE;
				CLANG_CXX_LANGUAGE_STANDARD = "gnu++20";
				CLANG_ENABLE_MODULES = YES;
				CLANG_ENABLE_OBJC_ARC = YES;
				CLANG_ENABLE_OBJC_WEAK = YES;
				CLANG_WARN_BLOCK_CAPTURE_AUTORELEASING = YES;
				CLANG_WARN_BOOL_CONVERSION = YES;
				CLANG_WARN_COMMA = YES;
				CLANG_WARN_CONSTANT_CONVERSION = YES;
				CLANG_WARN_DEPRECATED_OBJC_IMPLEMENTATIONS = YES;
				CLANG_WARN_DIRECT_OBJC_ISA_USAGE = YES_ERROR;
				CLANG_WARN_DOCUMENTATION_COMMENTS = YES;
				CLANG_WARN_EMPTY_BODY = YES;
				CLANG_WARN_ENUM_CONVERSION = YES;
				CLANG_WARN_INFINITE_RECURSION = YES;
				CLANG_WARN_INT_CONVERSION = YES;
				CLANG_WARN_NON_LITERAL_NULL_CONVERSION = YES;
				CLANG_WARN_OBJC_IMPLICIT_RETAIN_SELF = YES;
				CLANG_WARN_OBJC_LITERAL_CONVERSION = YES;
				CLANG_WARN_OBJC_ROOT_CLASS = YES_ERROR;
				CLANG_WARN_QUOTED_INCLUDE_IN_FRAMEWORK_HEADER = YES;
				CLANG_WARN_RANGE_LOOP_ANALYSIS = YES;
				CLANG_WARN_STRICT_PROTOTYPES = YES;
				CLANG_WARN_SUSPICIOUS_MOVE = YES;
				CLANG_WARN_UNGUARDED_AVAILABILITY = YES_AGGRESSIVE;
				CLANG_WARN_UNREACHABLE_CODE = YES;
				CLANG_WARN__DUPLICATE_METHOD_MATCH = YES;
				COPY_PHASE_STRIP = NO;
				DEBUG_INFORMATION_FORMAT = dwarf;
				DEVELOPMENT_TEAM = V6K46T3HH7;
				ENABLE_STRICT_OBJC_MSGSEND = YES;
				ENABLE_TESTABILITY = YES;
				ENABLE_USER_SCRIPT_SANDBOXING = YES;
				GCC_C_LANGUAGE_STANDARD = gnu17;
				GCC_DYNAMIC_NO_PIC = NO;
				GCC_NO_COMMON_BLOCKS = YES;
				GCC_OPTIMIZATION_LEVEL = 0;
				GCC_PREPROCESSOR_DEFINITIONS = (
					"DEBUG=1",
					"$(inherited)",
				);
				GCC_WARN_64_TO_32_BIT_CONVERSION = YES;
				GCC_WARN_ABOUT_RETURN_TYPE = YES_ERROR;
				GCC_WARN_UNDECLARED_SELECTOR = YES;
				GCC_WARN_UNINITIALIZED_AUTOS = YES_AGGRESSIVE;
				GCC_WARN_UNUSED_FUNCTION = YES;
				GCC_WARN_UNUSED_VARIABLE = YES;
				IPHONEOS_DEPLOYMENT_TARGET = 26.4;
				LOCALIZATION_PREFERS_STRING_CATALOGS = YES;
				MTL_ENABLE_DEBUG_INFO = INCLUDE_SOURCE;
				MTL_FAST_MATH = YES;
				ONLY_ACTIVE_ARCH = YES;
				SDKROOT = iphoneos;
				SWIFT_ACTIVE_COMPILATION_CONDITIONS = "DEBUG $(inherited)";
				SWIFT_OPTIMIZATION_LEVEL = "-Onone";
			};
			name = Debug;
		};
		B09913E72FD9B88700D630B1 /* Release */ = {
			isa = XCBuildConfiguration;
			buildSettings = {
				ALWAYS_SEARCH_USER_PATHS = NO;
				ASSETCATALOG_COMPILER_GENERATE_SWIFT_ASSET_SYMBOL_EXTENSIONS = YES;
				CLANG_ANALYZER_NONNULL = YES;
				CLANG_ANALYZER_NUMBER_OBJECT_CONVERSION = YES_AGGRESSIVE;
				CLANG_CXX_LANGUAGE_STANDARD = "gnu++20";
				CLANG_ENABLE_MODULES = YES;
				CLANG_ENABLE_OBJC_ARC = YES;
				CLANG_ENABLE_OBJC_WEAK = YES;
				CLANG_WARN_BLOCK_CAPTURE_AUTORELEASING = YES;
				CLANG_WARN_BOOL_CONVERSION = YES;
				CLANG_WARN_COMMA = YES;
				CLANG_WARN_CONSTANT_CONVERSION = YES;
				CLANG_WARN_DEPRECATED_OBJC_IMPLEMENTATIONS = YES;
				CLANG_WARN_DIRECT_OBJC_ISA_USAGE = YES_ERROR;
				CLANG_WARN_DOCUMENTATION_COMMENTS = YES;
				CLANG_WARN_EMPTY_BODY = YES;
				CLANG_WARN_ENUM_CONVERSION = YES;
				CLANG_WARN_INFINITE_RECURSION = YES;
				CLANG_WARN_INT_CONVERSION = YES;
				CLANG_WARN_NON_LITERAL_NULL_CONVERSION = YES;
				CLANG_WARN_OBJC_IMPLICIT_RETAIN_SELF = YES;
				CLANG_WARN_OBJC_LITERAL_CONVERSION = YES;
				CLANG_WARN_OBJC_ROOT_CLASS = YES_ERROR;
				CLANG_WARN_QUOTED_INCLUDE_IN_FRAMEWORK_HEADER = YES;
				CLANG_WARN_RANGE_LOOP_ANALYSIS = YES;
				CLANG_WARN_STRICT_PROTOTYPES = YES;
				CLANG_WARN_SUSPICIOUS_MOVE = YES;
				CLANG_WARN_UNGUARDED_AVAILABILITY = YES_AGGRESSIVE;
				CLANG_WARN_UNREACHABLE_CODE = YES;
				CLANG_WARN__DUPLICATE_METHOD_MATCH = YES;
				COPY_PHASE_STRIP = NO;
				DEBUG_INFORMATION_FORMAT = "dwarf-with-dsym";
				DEVELOPMENT_TEAM = V6K46T3HH7;
				ENABLE_NS_ASSERTIONS = NO;
				ENABLE_STRICT_OBJC_MSGSEND = YES;
				ENABLE_USER_SCRIPT_SANDBOXING = YES;
				GCC_C_LANGUAGE_STANDARD = gnu17;
				GCC_NO_COMMON_BLOCKS = YES;
				GCC_WARN_64_TO_32_BIT_CONVERSION = YES;
				GCC_WARN_ABOUT_RETURN_TYPE = YES_ERROR;
				GCC_WARN_UNDECLARED_SELECTOR = YES;
				GCC_WARN_UNINITIALIZED_AUTOS = YES_AGGRESSIVE;
				GCC_WARN_UNUSED_FUNCTION = YES;
				GCC_WARN_UNUSED_VARIABLE = YES;
				IPHONEOS_DEPLOYMENT_TARGET = 26.4;
				LOCALIZATION_PREFERS_STRING_CATALOGS = YES;
				MTL_ENABLE_DEBUG_INFO = NO;
				MTL_FAST_MATH = YES;
				SDKROOT = iphoneos;
				SWIFT_COMPILATION_MODE = wholemodule;
				VALIDATE_PRODUCT = YES;
			};
			name = Release;
		};
		B09913E92FD9B88700D630B1 /* Debug */ = {
			isa = XCBuildConfiguration;
			buildSettings = {
				ASSETCATALOG_COMPILER_APPICON_NAME = AppIcon;
				ASSETCATALOG_COMPILER_GLOBAL_ACCENT_COLOR_NAME = AccentColor;
				CODE_SIGN_STYLE = Automatic;
				CURRENT_PROJECT_VERSION = 1;
				DEVELOPMENT_TEAM = V6K46T3HH7;
				ENABLE_PREVIEWS = YES;
				GENERATE_INFOPLIST_FILE = YES;
				INFOPLIST_KEY_UIApplicationSceneManifest_Generation = YES;
				INFOPLIST_KEY_UIApplicationSupportsIndirectInputEvents = YES;
				INFOPLIST_KEY_UILaunchScreen_Generation = YES;
				INFOPLIST_KEY_UISupportedInterfaceOrientations_iPad = "UIInterfaceOrientationPortrait UIInterfaceOrientationPortraitUpsideDown UIInterfaceOrientationLandscapeLeft UIInterfaceOrientationLandscapeRight";
				INFOPLIST_KEY_UISupportedInterfaceOrientations_iPhone = "UIInterfaceOrientationPortrait UIInterfaceOrientationLandscapeLeft UIInterfaceOrientationLandscapeRight";
				LD_RUNPATH_SEARCH_PATHS = (
					"$(inherited)",
					"@executable_path/Frameworks",
				);
				MARKETING_VERSION = 1.0;
				PRODUCT_BUNDLE_IDENTIFIER = it.erato.Erato;
				PRODUCT_NAME = "$(TARGET_NAME)";
				STRING_CATALOG_GENERATE_SYMBOLS = YES;
				SWIFT_APPROACHABLE_CONCURRENCY = YES;
				SWIFT_DEFAULT_ACTOR_ISOLATION = MainActor;
				SWIFT_EMIT_LOC_STRINGS = YES;
				SWIFT_UPCOMING_FEATURE_MEMBER_IMPORT_VISIBILITY = YES;
				SWIFT_VERSION = 5.0;
				TARGETED_DEVICE_FAMILY = "1,2";
			};
			name = Debug;
		};
		B09913EA2FD9B88700D630B1 /* Release */ = {
			isa = XCBuildConfiguration;
			buildSettings = {
				ASSETCATALOG_COMPILER_APPICON_NAME = AppIcon;
				ASSETCATALOG_COMPILER_GLOBAL_ACCENT_COLOR_NAME = AccentColor;
				CODE_SIGN_STYLE = Automatic;
				CURRENT_PROJECT_VERSION = 1;
				DEVELOPMENT_TEAM = V6K46T3HH7;
				ENABLE_PREVIEWS = YES;
				GENERATE_INFOPLIST_FILE = YES;
				INFOPLIST_KEY_UIApplicationSceneManifest_Generation = YES;
				INFOPLIST_KEY_UIApplicationSupportsIndirectInputEvents = YES;
				INFOPLIST_KEY_UILaunchScreen_Generation = YES;
				INFOPLIST_KEY_UISupportedInterfaceOrientations_iPad = "UIInterfaceOrientationPortrait UIInterfaceOrientationPortraitUpsideDown UIInterfaceOrientationLandscapeLeft UIInterfaceOrientationLandscapeRight";
				INFOPLIST_KEY_UISupportedInterfaceOrientations_iPhone = "UIInterfaceOrientationPortrait UIInterfaceOrientationLandscapeLeft UIInterfaceOrientationLandscapeRight";
				LD_RUNPATH_SEARCH_PATHS = (
					"$(inherited)",
					"@executable_path/Frameworks",
				);
				MARKETING_VERSION = 1.0;
				PRODUCT_BUNDLE_IDENTIFIER = it.erato.Erato;
				PRODUCT_NAME = "$(TARGET_NAME)";
				STRING_CATALOG_GENERATE_SYMBOLS = YES;
				SWIFT_APPROACHABLE_CONCURRENCY = YES;
				SWIFT_DEFAULT_ACTOR_ISOLATION = MainActor;
				SWIFT_EMIT_LOC_STRINGS = YES;
				SWIFT_UPCOMING_FEATURE_MEMBER_IMPORT_VISIBILITY = YES;
				SWIFT_VERSION = 5.0;
				TARGETED_DEVICE_FAMILY = "1,2";
			};
			name = Release;
		};
		B09913EC2FD9B88700D630B1 /* Debug */ = {
			isa = XCBuildConfiguration;
			buildSettings = {
				BUNDLE_LOADER = "$(TEST_HOST)";
				CODE_SIGN_STYLE = Automatic;
				CURRENT_PROJECT_VERSION = 1;
				DEVELOPMENT_TEAM = V6K46T3HH7;
				GENERATE_INFOPLIST_FILE = YES;
				IPHONEOS_DEPLOYMENT_TARGET = 26.4;
				MARKETING_VERSION = 1.0;
				PRODUCT_BUNDLE_IDENTIFIER = it.erato.EratoTests;
				PRODUCT_NAME = "$(TARGET_NAME)";
				STRING_CATALOG_GENERATE_SYMBOLS = NO;
				SWIFT_APPROACHABLE_CONCURRENCY = YES;
				SWIFT_EMIT_LOC_STRINGS = NO;
				SWIFT_UPCOMING_FEATURE_MEMBER_IMPORT_VISIBILITY = YES;
				SWIFT_VERSION = 5.0;
				TARGETED_DEVICE_FAMILY = "1,2";
				TEST_HOST = "$(BUILT_PRODUCTS_DIR)/Erato.app/$(BUNDLE_EXECUTABLE_FOLDER_PATH)/Erato";
			};
			name = Debug;
		};
		B09913ED2FD9B88700D630B1 /* Release */ = {
			isa = XCBuildConfiguration;
			buildSettings = {
				BUNDLE_LOADER = "$(TEST_HOST)";
				CODE_SIGN_STYLE = Automatic;
				CURRENT_PROJECT_VERSION = 1;
				DEVELOPMENT_TEAM = V6K46T3HH7;
				GENERATE_INFOPLIST_FILE = YES;
				IPHONEOS_DEPLOYMENT_TARGET = 26.4;
				MARKETING_VERSION = 1.0;
				PRODUCT_BUNDLE_IDENTIFIER = it.erato.EratoTests;
				PRODUCT_NAME = "$(TARGET_NAME)";
				STRING_CATALOG_GENERATE_SYMBOLS = NO;
				SWIFT_APPROACHABLE_CONCURRENCY = YES;
				SWIFT_EMIT_LOC_STRINGS = NO;
				SWIFT_UPCOMING_FEATURE_MEMBER_IMPORT_VISIBILITY = YES;
				SWIFT_VERSION = 5.0;
				TARGETED_DEVICE_FAMILY = "1,2";
				TEST_HOST = "$(BUILT_PRODUCTS_DIR)/Erato.app/$(BUNDLE_EXECUTABLE_FOLDER_PATH)/Erato";
			};
			name = Release;
		};
		B09913EF2FD9B88700D630B1 /* Debug */ = {
			isa = XCBuildConfiguration;
			buildSettings = {
				CODE_SIGN_STYLE = Automatic;
				CURRENT_PROJECT_VERSION = 1;
				DEVELOPMENT_TEAM = V6K46T3HH7;
				GENERATE_INFOPLIST_FILE = YES;
				MARKETING_VERSION = 1.0;
				PRODUCT_BUNDLE_IDENTIFIER = it.erato.EratoUITests;
				PRODUCT_NAME = "$(TARGET_NAME)";
				STRING_CATALOG_GENERATE_SYMBOLS = NO;
				SWIFT_APPROACHABLE_CONCURRENCY = YES;
				SWIFT_EMIT_LOC_STRINGS = NO;
				SWIFT_UPCOMING_FEATURE_MEMBER_IMPORT_VISIBILITY = YES;
				SWIFT_VERSION = 5.0;
				TARGETED_DEVICE_FAMILY = "1,2";
				TEST_TARGET_NAME = Erato;
			};
			name = Debug;
		};
		B09913F02FD9B88700D630B1 /* Release */ = {
			isa = XCBuildConfiguration;
			buildSettings = {
				CODE_SIGN_STYLE = Automatic;
				CURRENT_PROJECT_VERSION = 1;
				DEVELOPMENT_TEAM = V6K46T3HH7;
				GENERATE_INFOPLIST_FILE = YES;
				MARKETING_VERSION = 1.0;
				PRODUCT_BUNDLE_IDENTIFIER = it.erato.EratoUITests;
				PRODUCT_NAME = "$(TARGET_NAME)";
				STRING_CATALOG_GENERATE_SYMBOLS = NO;
				SWIFT_APPROACHABLE_CONCURRENCY = YES;
				SWIFT_EMIT_LOC_STRINGS = NO;
				SWIFT_UPCOMING_FEATURE_MEMBER_IMPORT_VISIBILITY = YES;
				SWIFT_VERSION = 5.0;
				TARGETED_DEVICE_FAMILY = "1,2";
				TEST_TARGET_NAME = Erato;
			};
			name = Release;
		};
/* End XCBuildConfiguration section */

/* Begin XCConfigurationList section */
		B09913C22FD9B88600D630B1 /* Build configuration list for PBXProject "Erato" */ = {
			isa = XCConfigurationList;
			buildConfigurations = (
				B09913E62FD9B88700D630B1 /* Debug */,
				B09913E72FD9B88700D630B1 /* Release */,
			);
			defaultConfigurationIsVisible = 0;
			defaultConfigurationName = Release;
		};
		B09913E82FD9B88700D630B1 /* Build configuration list for PBXNativeTarget "Erato" */ = {
			isa = XCConfigurationList;
			buildConfigurations = (
				B09913E92FD9B88700D630B1 /* Debug */,
				B09913EA2FD9B88700D630B1 /* Release */,
			);
			defaultConfigurationIsVisible = 0;
			defaultConfigurationName = Release;
		};
		B09913EB2FD9B88700D630B1 /* Build configuration list for PBXNativeTarget "EratoTests" */ = {
			isa = XCConfigurationList;
			buildConfigurations = (
				B09913EC2FD9B88700D630B1 /* Debug */,
				B09913ED2FD9B88700D630B1 /* Release */,
			);
			defaultConfigurationIsVisible = 0;
			defaultConfigurationName = Release;
		};
		B09913EE2FD9B88700D630B1 /* Build configuration list for PBXNativeTarget "EratoUITests" */ = {
			isa = XCConfigurationList;
			buildConfigurations = (
				B09913EF2FD9B88700D630B1 /* Debug */,
				B09913F02FD9B88700D630B1 /* Release */,
			);
			defaultConfigurationIsVisible = 0;
			defaultConfigurationName = Release;
		};
/* End XCConfigurationList section */

/* Begin XCRemoteSwiftPackageReference section */
		B09913FA2FD9D00B00D630B1 /* XCRemoteSwiftPackageReference "BetterAuthSwift" */ = {
			isa = XCRemoteSwiftPackageReference;
			repositoryURL = "https://github.com/ouwargui/BetterAuthSwift";
			requirement = {
				branch = main;
				kind = branch;
			};
		};
/* End XCRemoteSwiftPackageReference section */

/* Begin XCSwiftPackageProductDependency section */
		B09913FB2FD9D01500D630B1 /* BetterAuth */ = {
			isa = XCSwiftPackageProductDependency;
			package = B09913FA2FD9D00B00D630B1 /* XCRemoteSwiftPackageReference "BetterAuthSwift" */;
			productName = BetterAuth;
		};
		B09913FD2FD9D01500D630B1 /* BetterAuthAnonymous */ = {
			isa = XCSwiftPackageProductDependency;
			package = B09913FA2FD9D00B00D630B1 /* XCRemoteSwiftPackageReference "BetterAuthSwift" */;
			productName = BetterAuthAnonymous;
		};
		B09913FF2FD9D01500D630B1 /* BetterAuthEmailOTP */ = {
			isa = XCSwiftPackageProductDependency;
			package = B09913FA2FD9D00B00D630B1 /* XCRemoteSwiftPackageReference "BetterAuthSwift" */;
			productName = BetterAuthEmailOTP;
		};
		B09914012FD9D01500D630B1 /* BetterAuthMagicLink */ = {
			isa = XCSwiftPackageProductDependency;
			package = B09913FA2FD9D00B00D630B1 /* XCRemoteSwiftPackageReference "BetterAuthSwift" */;
			productName = BetterAuthMagicLink;
		};
		B09914032FD9D01500D630B1 /* BetterAuthPasskey */ = {
			isa = XCSwiftPackageProductDependency;
			package = B09913FA2FD9D00B00D630B1 /* XCRemoteSwiftPackageReference "BetterAuthSwift" */;
			productName = BetterAuthPasskey;
		};
		B09914052FD9D01500D630B1 /* BetterAuthPhoneNumber */ = {
			isa = XCSwiftPackageProductDependency;
			package = B09913FA2FD9D00B00D630B1 /* XCRemoteSwiftPackageReference "BetterAuthSwift" */;
			productName = BetterAuthPhoneNumber;
		};
		B09914072FD9D01500D630B1 /* BetterAuthTwoFactor */ = {
			isa = XCSwiftPackageProductDependency;
			package = B09913FA2FD9D00B00D630B1 /* XCRemoteSwiftPackageReference "BetterAuthSwift" */;
			productName = BetterAuthTwoFactor;
		};
		B09914092FD9D01500D630B1 /* BetterAuthUsername */ = {
			isa = XCSwiftPackageProductDependency;
			package = B09913FA2FD9D00B00D630B1 /* XCRemoteSwiftPackageReference "BetterAuthSwift" */;
			productName = BetterAuthUsername;
		};
/* End XCSwiftPackageProductDependency section */
	};
	rootObject = B09913BF2FD9B88600D630B1 /* Project object */;
}
